
Microsoft Visual Studio Solution File, Format Version 12.00
# Visual Studio Version 17
VisualStudioVersion = 17.8.34511.84
MinimumVisualStudioVersion = 10.0.40219.1
Project("{FAE04EC0-301F-11D3-BF4B-00C04F79EFBC}") = "ExportWork", "ExportWork\ExportWork.csproj", "{37A3041C-09ED-40BE-872B-45810EE2C3A2}"
EndProject
Global
	GlobalSection(SolutionConfigurationPlatforms) = preSolution
		Debug|Any CPU = Debug|Any CPU
		Release|Any CPU = Release|Any CPU
	EndGlobalSection
	GlobalSection(ProjectConfigurationPlatforms) = postSolution
		{37A3041C-09ED-40BE-872B-45810EE2C3A2}.Debug|Any CPU.ActiveCfg = Debug|Any CPU
		{37A3041C-09ED-40BE-872B-45810EE2C3A2}.Debug|Any CPU.Build.0 = Debug|Any CPU
		{37A3041C-09ED-40BE-872B-45810EE2C3A2}.Release|Any CPU.ActiveCfg = Release|Any CPU
		{37A3041C-09ED-40BE-872B-45810EE2C3A2}.Release|Any CPU.Build.0 = Release|Any CPU
	EndGlobalSection
	GlobalSection(SolutionProperties) = preSolution
		HideSolutionNode = FALSE
	EndGlobalSection
	GlobalSection(ExtensibilityGlobals) = postSolution
		SolutionGuid = {89E7ACF4-55EE-45FF-A556-A694E5CC5304}
	EndGlobalSection
EndGlobal
